<?xml version="1.0" encoding="UTF-8"?>
<CONFIG>
  <ProjectOptions>
    <Version Value="11"/>
    <PathDelim Value="\"/>
    <General>
      <Flags>
        <SaveClosedFiles Value="False"/>
        <MainUnitHasCreateFormStatements Value="False"/>
        <MainUnitHasTitleStatement Value="False"/>
        <SaveJumpHistory Value="False"/>
        <SaveFoldState Value="False"/>
      </Flags>
      <SessionStorage Value="InProjectDir"/>
      <MainUnit Value="0"/>
      <UseXPManifest Value="True"/>
    </General>
    <i18n>
      <EnableI18N LFM="False"/>
    </i18n>
    <BuildModes Count="1">
      <Item1 Name="Default" Default="True"/>
    </BuildModes>
    <PublishOptions>
      <Version Value="2"/>
    </PublishOptions>
    <RunParams>
      <FormatVersion Value="2"/>
      <Modes Count="1">
        <Mode0 Name="default"/>
      </Modes>
    </RunParams>
    <RequiredPackages Count="1">
      <Item1>
        <PackageName Value="LazUtils"/>
      </Item1>
    </RequiredPackages>
    <Units Count="5">
      <Unit0>
        <Filename Value="BootstrapDemo.lpr"/>
        <IsPartOfProject Value="True"/>
      </Unit0>
      <Unit1>
        <Filename Value="..\..\source\djPlatform.pas"/>
        <IsPartOfProject Value="True"/>
      </Unit1>
      <Unit2>
        <Filename Value="AjaxStatsCmp.pas"/>
        <IsPartOfProject Value="True"/>
      </Unit2>
      <Unit3>
        <Filename Value="..\common\djFileUploadHelper.pas"/>
        <IsPartOfProject Value="True"/>
      </Unit3>
      <Unit4>
        <Filename Value="..\common\ShutdownHelper.pas"/>
        <IsPartOfProject Value="True"/>
      </Unit4>
    </Units>
  </ProjectOptions>
  <CompilerOptions>
    <Version Value="11"/>
    <PathDelim Value="\"/>
    <Target>
      <Filename Value="BootstrapDemo"/>
    </Target>
    <SearchPaths>
      <IncludeFiles Value="$(ProjOutDir);..\..\..\Indy10\Lib\Core"/>
      <OtherUnitFiles Value="..\..\source;..\..\source\optional;..\..\..\slf4p\src\main;..\..\..\Indy10\Lib\Core;..\..\..\Indy10\Lib\Protocols;..\..\..\Indy10\Lib\System;..\common"/>
      <UnitOutputDirectory Value="lib\$(TargetCPU)-$(TargetOS)"/>
    </SearchPaths>
    <Parsing>
      <SyntaxOptions>
        <SyntaxMode Value="Delphi"/>
        <AllowLabel Value="False"/>
      </SyntaxOptions>
    </Parsing>
    <CodeGeneration>
      <Optimizations>
        <OptimizationLevel Value="2"/>
      </Optimizations>
    </CodeGeneration>
    <Linking>
      <Debugging>
        <UseHeaptrc Value="True"/>
      </Debugging>
    </Linking>
    <Other>
      <Verbosity>
        <ShowNotes Value="False"/>
        <ShowHints Value="False"/>
      </Verbosity>
      <CustomOptions Value="-dDARAJA_LOGGING"/>
    </Other>
  </CompilerOptions>
  <Debugging>
    <Exceptions Count="12">
      <Item1>
        <Name Value="EAbort"/>
      </Item1>
      <Item2>
        <Name Value="ECodetoolError"/>
      </Item2>
      <Item3>
        <Name Value="EFOpenError"/>
      </Item3>
      <Item4>
        <Name Value="EIdSocketError"/>
      </Item4>
      <Item5>
        <Name Value="EIdCouldNotBindSocket"/>
      </Item5>
      <Item6>
        <Name Value="EIdNotConnected"/>
      </Item6>
      <Item7>
        <Name Value="EIdConnClosedGracefully"/>
      </Item7>
      <Item8>
        <Name Value="EIdClosedSocket"/>
      </Item8>
      <Item9>
        <Name Value="EWebComponentException"/>
      </Item9>
      <Item10>
        <Name Value="EIdHTTPProtocolException"/>
      </Item10>
      <Item11>
        <Name Value="EIdNotASocket"/>
      </Item11>
      <Item12>
        <Name Value="EUnitTestException"/>
      </Item12>
    </Exceptions>
  </Debugging>
</CONFIG>
