<?xml version="1.0" encoding="UTF-8"?>
<CONFIG>
  <ProjectOptions>
    <Version Value="11"/>
    <PathDelim Value="\"/>
    <General>
      <Flags>
        <MainUnitHasCreateFormStatements Value="False"/>
        <MainUnitHasTitleStatement Value="False"/>
        <MainUnitHasScaledStatement Value="False"/>
        <LRSInOutputDirectory Value="False"/>
        <UseDefaultCompilerOptions Value="True"/>
      </Flags>
      <SessionStorage Value="InProjectDir"/>
      <MainUnit Value="0"/>
      <UseAppBundle Value="False"/>
      <ResourceType Value="res"/>
    </General>
    <BuildModes Count="1">
      <Item1 Name="Default" Default="True"/>
    </BuildModes>
    <PublishOptions>
      <Version Value="2"/>
      <UseFileFilters Value="True"/>
    </PublishOptions>
    <RunParams>
      <FormatVersion Value="2"/>
      <Modes Count="0"/>
    </RunParams>
    <Units Count="1">
      <Unit0>
        <Filename Value="IndyHttpsTest.lpr"/>
        <IsPartOfProject Value="True"/>
      </Unit0>
    </Units>
  </ProjectOptions>
  <CompilerOptions>
    <Version Value="11"/>
    <PathDelim Value="\"/>
    <Target>
      <Filename Value="IndyHttpsTest"/>
    </Target>
    <SearchPaths>
      <IncludeFiles Value="$(ProjOutDir)"/>
      <OtherUnitFiles Value="..\..\..\Indy10\Lib\Core;..\..\..\Indy10\Lib\Protocols;..\..\..\Indy10\Lib\System"/>
      <UnitOutputDirectory Value="lib\$(TargetCPU)-$(TargetOS)"/>
    </SearchPaths>
    <Parsing>
      <SyntaxOptions>
        <SyntaxMode Value="Delphi"/>
      </SyntaxOptions>
    </Parsing>
  </CompilerOptions>
  <Debugging>
    <Exceptions Count="25">
      <Item1>
        <Name Value="EAbort"/>
      </Item1>
      <Item2>
        <Name Value="ECodetoolError"/>
      </Item2>
      <Item3>
        <Name Value="EFOpenError"/>
      </Item3>
      <Item4>
        <Name Value="EBTStompClientNotConnectedError"/>
      </Item4>
      <Item5>
        <Name Value="ESynapseError"/>
      </Item5>
      <Item6>
        <Name Value="EAssertionFailedError"/>
      </Item6>
      <Item7>
        <Name Value="EIdReadTimeout"/>
      </Item7>
      <Item8>
        <Name Value="EConnectionFailedException"/>
      </Item8>
      <Item9>
        <Name Value="Exception"/>
      </Item9>
      <Item10>
        <Name Value="EIgnoredTest"/>
      </Item10>
      <Item11>
        <Name Value="EBTStompServerErrorMessage"/>
      </Item11>
      <Item12>
        <Name Value="EBTStompServerHeartbeatMissing"/>
      </Item12>
      <Item13>
        <Name Value="EJMSException"/>
      </Item13>
      <Item14>
        <Name Value="EBTStompError"/>
      </Item14>
      <Item15>
        <Name Value="EIdSocketError"/>
      </Item15>
      <Item16>
        <Name Value="EIdConnClosedGracefully"/>
      </Item16>
      <Item17>
        <Name Value="EConvertError"/>
      </Item17>
      <Item18>
        <Name Value="EIllegalStateException"/>
      </Item18>
      <Item19>
        <Name Value="EIdHTTPProtocolException"/>
      </Item19>
      <Item20>
        <Name Value="EWebComponentException"/>
      </Item20>
      <Item21>
        <Name Value="EUnitTestException"/>
      </Item21>
      <Item22>
        <Name Value="EListError"/>
      </Item22>
      <Item23>
        <Name Value="EIdCouldNotBindSocket"/>
      </Item23>
      <Item24>
        <Name Value="EIdNotConnected"/>
      </Item24>
      <Item25>
        <Name Value="EIdClosedSocket"/>
      </Item25>
    </Exceptions>
  </Debugging>
</CONFIG>
